// !$*UTF8*$!
{
	archiveVersion = 1;
	classes = {
	};
	objectVersion = 56;
	objects = {

/* Begin PBXBuildFile section */
		796523822AAA6F9900B240B8 /* Board.swift in Sources */ = {isa = PBXBuildFile; fileRef = 796523812AAA6F9900B240B8 /* Board.swift */; };
		796523862AAA6FB100B240B8 /* Tile.swift in Sources */ = {isa = PBXBuildFile; fileRef = 796523852AAA6FB100B240B8 /* Tile.swift */; };
		796523882AAA6FBE00B240B8 /* TileStyle.swift in Sources */ = {isa = PBXBuildFile; fileRef = 796523872AAA6FBE00B240B8 /* TileStyle.swift */; };
		7965238A2AAA703500B240B8 /* SwiftUIColor+GameColor.swift in Sources */ = {isa = PBXBuildFile; fileRef = 796523892AAA703500B240B8 /* SwiftUIColor+GameColor.swift */; };
		7965238C2AAA708D00B240B8 /* RelativeSizeLayout.swift in Sources */ = {isa = PBXBuildFile; fileRef = 7965238B2AAA708D00B240B8 /* RelativeSizeLayout.swift */; };
		796523982AAA792900B240B8 /* Matrix.swift in Sources */ = {isa = PBXBuildFile; fileRef = 796523972AAA792900B240B8 /* Matrix.swift */; };
		7965239A2AAA79A100B240B8 /* GameEngine.swift in Sources */ = {isa = PBXBuildFile; fileRef = 796523992AAA79A100B240B8 /* GameEngine.swift */; };
		7965239D2AAA7B3900B240B8 /* Matrix+Math.swift in Sources */ = {isa = PBXBuildFile; fileRef = 7965239C2AAA7B3900B240B8 /* Matrix+Math.swift */; };
		796523A02AAA7C3100B240B8 /* MatrixTests.swift in Sources */ = {isa = PBXBuildFile; fileRef = 7965239F2AAA7C3100B240B8 /* MatrixTests.swift */; };
		796523A22AAA811500B240B8 /* MatrixExtensionTests.swift in Sources */ = {isa = PBXBuildFile; fileRef = 796523A12AAA811500B240B8 /* MatrixExtensionTests.swift */; };
		796523A42AAA84BF00B240B8 /* Matrix+CustomDebugStgringConvertible.swift in Sources */ = {isa = PBXBuildFile; fileRef = 796523A32AAA84BF00B240B8 /* Matrix+CustomDebugStgringConvertible.swift */; };
		79B807762AA88C1100F5B0B8 /* Composable2048App.swift in Sources */ = {isa = PBXBuildFile; fileRef = 79B807752AA88C1100F5B0B8 /* Composable2048App.swift */; };
		79B807782AA88C1100F5B0B8 /* ContentView.swift in Sources */ = {isa = PBXBuildFile; fileRef = 79B807772AA88C1100F5B0B8 /* ContentView.swift */; };
		79B8077A2AA88C1400F5B0B8 /* Assets.xcassets in Resources */ = {isa = PBXBuildFile; fileRef = 79B807792AA88C1400F5B0B8 /* Assets.xcassets */; };
		79B8077D2AA88C1400F5B0B8 /* Preview Assets.xcassets in Resources */ = {isa = PBXBuildFile; fileRef = 79B8077C2AA88C1400F5B0B8 /* Preview Assets.xcassets */; };
		79B807872AA88C1400F5B0B8 /* Composable2048Tests.swift in Sources */ = {isa = PBXBuildFile; fileRef = 79B807862AA88C1400F5B0B8 /* Composable2048Tests.swift */; };
		79B807912AA88C1400F5B0B8 /* Composable2048UITests.swift in Sources */ = {isa = PBXBuildFile; fileRef = 79B807902AA88C1400F5B0B8 /* Composable2048UITests.swift */; };
		79B807932AA88C1400F5B0B8 /* Composable2048UITestsLaunchTests.swift in Sources */ = {isa = PBXBuildFile; fileRef = 79B807922AA88C1400F5B0B8 /* Composable2048UITestsLaunchTests.swift */; };
		79B807A12AA8908D00F5B0B8 /* ComposableArchitecture in Frameworks */ = {isa = PBXBuildFile; productRef = 79B807A02AA8908D00F5B0B8 /* ComposableArchitecture */; };
		79B807B42AA8B89400F5B0B8 /* View+RelativeSize.swift in Sources */ = {isa = PBXBuildFile; fileRef = 79B807B32AA8B89400F5B0B8 /* View+RelativeSize.swift */; };
/* End PBXBuildFile section */

/* Begin PBXContainerItemProxy section */
		79B807832AA88C1400F5B0B8 /* PBXContainerItemProxy */ = {
			isa = PBXContainerItemProxy;
			containerPortal = 79B8076A2AA88C1100F5B0B8 /* Project object */;
			proxyType = 1;
			remoteGlobalIDString = 79B807712AA88C1100F5B0B8;
			remoteInfo = Composable2048;
		};
		79B8078D2AA88C1400F5B0B8 /* PBXContainerItemProxy */ = {
			isa = PBXContainerItemProxy;
			containerPortal = 79B8076A2AA88C1100F5B0B8 /* Project object */;
			proxyType = 1;
			remoteGlobalIDString = 79B807712AA88C1100F5B0B8;
			remoteInfo = Composable2048;
		};
/* End PBXContainerItemProxy section */

/* Begin PBXFileReference section */
		796523812AAA6F9900B240B8 /* Board.swift */ = {isa = PBXFileReference; lastKnownFileType = sourcecode.swift; path = Board.swift; sourceTree = "<group>"; };
		796523852AAA6FB100B240B8 /* Tile.swift */ = {isa = PBXFileReference; lastKnownFileType = sourcecode.swift; path = Tile.swift; sourceTree = "<group>"; };
		796523872AAA6FBE00B240B8 /* TileStyle.swift */ = {isa = PBXFileReference; lastKnownFileType = sourcecode.swift; path = TileStyle.swift; sourceTree = "<group>"; };
		796523892AAA703500B240B8 /* SwiftUIColor+GameColor.swift */ = {isa = PBXFileReference; lastKnownFileType = sourcecode.swift; path = "SwiftUIColor+GameColor.swift"; sourceTree = "<group>"; };
		7965238B2AAA708D00B240B8 /* RelativeSizeLayout.swift */ = {isa = PBXFileReference; lastKnownFileType = sourcecode.swift; path = RelativeSizeLayout.swift; sourceTree = "<group>"; };
		796523972AAA792900B240B8 /* Matrix.swift */ = {isa = PBXFileReference; lastKnownFileType = sourcecode.swift; path = Matrix.swift; sourceTree = "<group>"; };
		796523992AAA79A100B240B8 /* GameEngine.swift */ = {isa = PBXFileReference; lastKnownFileType = sourcecode.swift; path = GameEngine.swift; sourceTree = "<group>"; };
		7965239C2AAA7B3900B240B8 /* Matrix+Math.swift */ = {isa = PBXFileReference; lastKnownFileType = sourcecode.swift; path = "Matrix+Math.swift"; sourceTree = "<group>"; };
		7965239F2AAA7C3100B240B8 /* MatrixTests.swift */ = {isa = PBXFileReference; lastKnownFileType = sourcecode.swift; path = MatrixTests.swift; sourceTree = "<group>"; };
		796523A12AAA811500B240B8 /* MatrixExtensionTests.swift */ = {isa = PBXFileReference; lastKnownFileType = sourcecode.swift; path = MatrixExtensionTests.swift; sourceTree = "<group>"; };
		796523A32AAA84BF00B240B8 /* Matrix+CustomDebugStgringConvertible.swift */ = {isa = PBXFileReference; lastKnownFileType = sourcecode.swift; path = "Matrix+CustomDebugStgringConvertible.swift"; sourceTree = "<group>"; };
		79B807722AA88C1100F5B0B8 /* Composable2048.app */ = {isa = PBXFileReference; explicitFileType = wrapper.application; includeInIndex = 0; path = Composable2048.app; sourceTree = BUILT_PRODUCTS_DIR; };
		79B807752AA88C1100F5B0B8 /* Composable2048App.swift */ = {isa = PBXFileReference; lastKnownFileType = sourcecode.swift; path = Composable2048App.swift; sourceTree = "<group>"; };
		79B807772AA88C1100F5B0B8 /* ContentView.swift */ = {isa = PBXFileReference; lastKnownFileType = sourcecode.swift; path = ContentView.swift; sourceTree = "<group>"; };
		79B807792AA88C1400F5B0B8 /* Assets.xcassets */ = {isa = PBXFileReference; lastKnownFileType = folder.assetcatalog; path = Assets.xcassets; sourceTree = "<group>"; };
		79B8077C2AA88C1400F5B0B8 /* Preview Assets.xcassets */ = {isa = PBXFileReference; lastKnownFileType = folder.assetcatalog; path = "Preview Assets.xcassets"; sourceTree = "<group>"; };
		79B807822AA88C1400F5B0B8 /* Composable2048Tests.xctest */ = {isa = PBXFileReference; explicitFileType = wrapper.cfbundle; includeInIndex = 0; path = Composable2048Tests.xctest; sourceTree = BUILT_PRODUCTS_DIR; };
		79B807862AA88C1400F5B0B8 /* Composable2048Tests.swift */ = {isa = PBXFileReference; lastKnownFileType = sourcecode.swift; path = Composable2048Tests.swift; sourceTree = "<group>"; };
		79B8078C2AA88C1400F5B0B8 /* Composable2048UITests.xctest */ = {isa = PBXFileReference; explicitFileType = wrapper.cfbundle; includeInIndex = 0; path = Composable2048UITests.xctest; sourceTree = BUILT_PRODUCTS_DIR; };
		79B807902AA88C1400F5B0B8 /* Composable2048UITests.swift */ = {isa = PBXFileReference; lastKnownFileType = sourcecode.swift; path = Composable2048UITests.swift; sourceTree = "<group>"; };
		79B807922AA88C1400F5B0B8 /* Composable2048UITestsLaunchTests.swift */ = {isa = PBXFileReference; lastKnownFileType = sourcecode.swift; path = Composable2048UITestsLaunchTests.swift; sourceTree = "<group>"; };
		79B807B32AA8B89400F5B0B8 /* View+RelativeSize.swift */ = {isa = PBXFileReference; lastKnownFileType = sourcecode.swift; path = "View+RelativeSize.swift"; sourceTree = "<group>"; };
/* End PBXFileReference section */

/* Begin PBXFrameworksBuildPhase section */
		79B8076F2AA88C1100F5B0B8 /* Frameworks */ = {
			isa = PBXFrameworksBuildPhase;
			buildActionMask = 2147483647;
			files = (
				79B807A12AA8908D00F5B0B8 /* ComposableArchitecture in Frameworks */,
			);
			runOnlyForDeploymentPostprocessing = 0;
		};
		79B8077F2AA88C1400F5B0B8 /* Frameworks */ = {
			isa = PBXFrameworksBuildPhase;
			buildActionMask = 2147483647;
			files = (
			);
			runOnlyForDeploymentPostprocessing = 0;
		};
		79B807892AA88C1400F5B0B8 /* Frameworks */ = {
			isa = PBXFrameworksBuildPhase;
			buildActionMask = 2147483647;
			files = (
			);
			runOnlyForDeploymentPostprocessing = 0;
		};
/* End PBXFrameworksBuildPhase section */

/* Begin PBXGroup section */
		7965237D2AAA6E7100B240B8 /* Game */ = {
			isa = PBXGroup;
			children = (
				7965238D2AAA71D800B240B8 /* Engine */,
				79B807A22AA890A500F5B0B8 /* Features */,
			);
			path = Game;
			sourceTree = "<group>";
		};
		7965237E2AAA6E9700B240B8 /* Presentation */ = {
			isa = PBXGroup;
			children = (
				796523802AAA6F8900B240B8 /* GameBoard */,
			);
			path = Presentation;
			sourceTree = "<group>";
		};
		7965237F2AAA6EC800B240B8 /* DesignSystem */ = {
			isa = PBXGroup;
			children = (
				796523892AAA703500B240B8 /* SwiftUIColor+GameColor.swift */,
			);
			path = DesignSystem;
			sourceTree = "<group>";
		};
		796523802AAA6F8900B240B8 /* GameBoard */ = {
			isa = PBXGroup;
			children = (
				796523842AAA6FA700B240B8 /* Board */,
				796523832AAA6FA200B240B8 /* Tile */,
			);
			path = GameBoard;
			sourceTree = "<group>";
		};
		796523832AAA6FA200B240B8 /* Tile */ = {
			isa = PBXGroup;
			children = (
				796523852AAA6FB100B240B8 /* Tile.swift */,
				796523872AAA6FBE00B240B8 /* TileStyle.swift */,
			);
			path = Tile;
			sourceTree = "<group>";
		};
		796523842AAA6FA700B240B8 /* Board */ = {
			isa = PBXGroup;
			children = (
				796523812AAA6F9900B240B8 /* Board.swift */,
			);
			path = Board;
			sourceTree = "<group>";
		};
		7965238D2AAA71D800B240B8 /* Engine */ = {
			isa = PBXGroup;
			children = (
				7965239B2AAA7B2700B240B8 /* MatrixExtension */,
				796523962AAA791A00B240B8 /* Matrix */,
				796523992AAA79A100B240B8 /* GameEngine.swift */,
			);
			path = Engine;
			sourceTree = "<group>";
		};
		796523962AAA791A00B240B8 /* Matrix */ = {
			isa = PBXGroup;
			children = (
				796523972AAA792900B240B8 /* Matrix.swift */,
			);
			path = Matrix;
			sourceTree = "<group>";
		};
		7965239B2AAA7B2700B240B8 /* MatrixExtension */ = {
			isa = PBXGroup;
			children = (
				7965239C2AAA7B3900B240B8 /* Matrix+Math.swift */,
				796523A32AAA84BF00B240B8 /* Matrix+CustomDebugStgringConvertible.swift */,
			);
			path = MatrixExtension;
			sourceTree = "<group>";
		};
		7965239E2AAA7BB400B240B8 /* MatrixTests */ = {
			isa = PBXGroup;
			children = (
				7965239F2AAA7C3100B240B8 /* MatrixTests.swift */,
				796523A12AAA811500B240B8 /* MatrixExtensionTests.swift */,
			);
			path = MatrixTests;
			sourceTree = "<group>";
		};
		79B807692AA88C1100F5B0B8 = {
			isa = PBXGroup;
			children = (
				79B807742AA88C1100F5B0B8 /* Composable2048 */,
				79B807852AA88C1400F5B0B8 /* Composable2048Tests */,
				79B8078F2AA88C1400F5B0B8 /* Composable2048UITests */,
				79B807732AA88C1100F5B0B8 /* Products */,
			);
			sourceTree = "<group>";
		};
		79B807732AA88C1100F5B0B8 /* Products */ = {
			isa = PBXGroup;
			children = (
				79B807722AA88C1100F5B0B8 /* Composable2048.app */,
				79B807822AA88C1400F5B0B8 /* Composable2048Tests.xctest */,
				79B8078C2AA88C1400F5B0B8 /* Composable2048UITests.xctest */,
			);
			name = Products;
			sourceTree = "<group>";
		};
		79B807742AA88C1100F5B0B8 /* Composable2048 */ = {
			isa = PBXGroup;
			children = (
				7965237D2AAA6E7100B240B8 /* Game */,
				7965237E2AAA6E9700B240B8 /* Presentation */,
				7965237F2AAA6EC800B240B8 /* DesignSystem */,
				79B807B22AA8B88A00F5B0B8 /* ViewTools */,
				79B807752AA88C1100F5B0B8 /* Composable2048App.swift */,
				79B807772AA88C1100F5B0B8 /* ContentView.swift */,
				79B807792AA88C1400F5B0B8 /* Assets.xcassets */,
				79B8077B2AA88C1400F5B0B8 /* Preview Content */,
			);
			path = Composable2048;
			sourceTree = "<group>";
		};
		79B8077B2AA88C1400F5B0B8 /* Preview Content */ = {
			isa = PBXGroup;
			children = (
				79B8077C2AA88C1400F5B0B8 /* Preview Assets.xcassets */,
			);
			path = "Preview Content";
			sourceTree = "<group>";
		};
		79B807852AA88C1400F5B0B8 /* Composable2048Tests */ = {
			isa = PBXGroup;
			children = (
				7965239E2AAA7BB400B240B8 /* MatrixTests */,
				79B807862AA88C1400F5B0B8 /* Composable2048Tests.swift */,
			);
			path = Composable2048Tests;
			sourceTree = "<group>";
		};
		79B8078F2AA88C1400F5B0B8 /* Composable2048UITests */ = {
			isa = PBXGroup;
			children = (
				79B807902AA88C1400F5B0B8 /* Composable2048UITests.swift */,
				79B807922AA88C1400F5B0B8 /* Composable2048UITestsLaunchTests.swift */,
			);
			path = Composable2048UITests;
			sourceTree = "<group>";
		};
		79B807A22AA890A500F5B0B8 /* Features */ = {
			isa = PBXGroup;
			children = (
			);
			path = Features;
			sourceTree = "<group>";
		};
		79B807B22AA8B88A00F5B0B8 /* ViewTools */ = {
			isa = PBXGroup;
			children = (
				79B807B32AA8B89400F5B0B8 /* View+RelativeSize.swift */,
				7965238B2AAA708D00B240B8 /* RelativeSizeLayout.swift */,
			);
			path = ViewTools;
			sourceTree = "<group>";
		};
/* End PBXGroup section */

/* Begin PBXNativeTarget section */
		79B807712AA88C1100F5B0B8 /* Composable2048 */ = {
			isa = PBXNativeTarget;
			buildConfigurationList = 79B807962AA88C1400F5B0B8 /* Build configuration list for PBXNativeTarget "Composable2048" */;
			buildPhases = (
				79B8076E2AA88C1100F5B0B8 /* Sources */,
				79B8076F2AA88C1100F5B0B8 /* Frameworks */,
				79B807702AA88C1100F5B0B8 /* Resources */,
			);
			buildRules = (
			);
			dependencies = (
			);
			name = Composable2048;
			packageProductDependencies = (
				79B807A02AA8908D00F5B0B8 /* ComposableArchitecture */,
			);
			productName = Composable2048;
			productReference = 79B807722AA88C1100F5B0B8 /* Composable2048.app */;
			productType = "com.apple.product-type.application";
		};
		79B807812AA88C1400F5B0B8 /* Composable2048Tests */ = {
			isa = PBXNativeTarget;
			buildConfigurationList = 79B807992AA88C1400F5B0B8 /* Build configuration list for PBXNativeTarget "Composable2048Tests" */;
			buildPhases = (
				79B8077E2AA88C1400F5B0B8 /* Sources */,
				79B8077F2AA88C1400F5B0B8 /* Frameworks */,
				79B807802AA88C1400F5B0B8 /* Resources */,
			);
			buildRules = (
			);
			dependencies = (
				79B807842AA88C1400F5B0B8 /* PBXTargetDependency */,
			);
			name = Composable2048Tests;
			productName = Composable2048Tests;
			productReference = 79B807822AA88C1400F5B0B8 /* Composable2048Tests.xctest */;
			productType = "com.apple.product-type.bundle.unit-test";
		};
		79B8078B2AA88C1400F5B0B8 /* Composable2048UITests */ = {
			isa = PBXNativeTarget;
			buildConfigurationList = 79B8079C2AA88C1400F5B0B8 /* Build configuration list for PBXNativeTarget "Composable2048UITests" */;
			buildPhases = (
				79B807882AA88C1400F5B0B8 /* Sources */,
				79B807892AA88C1400F5B0B8 /* Frameworks */,
				79B8078A2AA88C1400F5B0B8 /* Resources */,
			);
			buildRules = (
			);
			dependencies = (
				79B8078E2AA88C1400F5B0B8 /* PBXTargetDependency */,
			);
			name = Composable2048UITests;
			productName = Composable2048UITests;
			productReference = 79B8078C2AA88C1400F5B0B8 /* Composable2048UITests.xctest */;
			productType = "com.apple.product-type.bundle.ui-testing";
		};
/* End PBXNativeTarget section */

/* Begin PBXProject section */
		79B8076A2AA88C1100F5B0B8 /* Project object */ = {
			isa = PBXProject;
			attributes = {
				BuildIndependentTargetsInParallel = 1;
				LastSwiftUpdateCheck = 1500;
				LastUpgradeCheck = 1500;
				TargetAttributes = {
					79B807712AA88C1100F5B0B8 = {
						CreatedOnToolsVersion = 15.0;
					};
					79B807812AA88C1400F5B0B8 = {
						CreatedOnToolsVersion = 15.0;
						TestTargetID = 79B807712AA88C1100F5B0B8;
					};
					79B8078B2AA88C1400F5B0B8 = {
						CreatedOnToolsVersion = 15.0;
						TestTargetID = 79B807712AA88C1100F5B0B8;
					};
				};
			};
			buildConfigurationList = 79B8076D2AA88C1100F5B0B8 /* Build configuration list for PBXProject "Composable2048" */;
			compatibilityVersion = "Xcode 14.0";
			developmentRegion = en;
			hasScannedForEncodings = 0;
			knownRegions = (
				en,
				Base,
			);
			mainGroup = 79B807692AA88C1100F5B0B8;
			packageReferences = (
				79B8079F2AA8908D00F5B0B8 /* XCRemoteSwiftPackageReference "swift-composable-architecture" */,
			);
			productRefGroup = 79B807732AA88C1100F5B0B8 /* Products */;
			projectDirPath = "";
			projectRoot = "";
			targets = (
				79B807712AA88C1100F5B0B8 /* Composable2048 */,
				79B807812AA88C1400F5B0B8 /* Composable2048Tests */,
				79B8078B2AA88C1400F5B0B8 /* Composable2048UITests */,
			);
		};
/* End PBXProject section */

/* Begin PBXResourcesBuildPhase section */
		79B807702AA88C1100F5B0B8 /* Resources */ = {
			isa = PBXResourcesBuildPhase;
			buildActionMask = 2147483647;
			files = (
				79B8077D2AA88C1400F5B0B8 /* Preview Assets.xcassets in Resources */,
				79B8077A2AA88C1400F5B0B8 /* Assets.xcassets in Resources */,
			);
			runOnlyForDeploymentPostprocessing = 0;
		};
		79B807802AA88C1400F5B0B8 /* Resources */ = {
			isa = PBXResourcesBuildPhase;
			buildActionMask = 2147483647;
			files = (
			);
			runOnlyForDeploymentPostprocessing = 0;
		};
		79B8078A2AA88C1400F5B0B8 /* Resources */ = {
			isa = PBXResourcesBuildPhase;
			buildActionMask = 2147483647;
			files = (
			);
			runOnlyForDeploymentPostprocessing = 0;
		};
/* End PBXResourcesBuildPhase section */

/* Begin PBXSourcesBuildPhase section */
		79B8076E2AA88C1100F5B0B8 /* Sources */ = {
			isa = PBXSourcesBuildPhase;
			buildActionMask = 2147483647;
			files = (
				7965238C2AAA708D00B240B8 /* RelativeSizeLayout.swift in Sources */,
				79B807782AA88C1100F5B0B8 /* ContentView.swift in Sources */,
				79B807B42AA8B89400F5B0B8 /* View+RelativeSize.swift in Sources */,
				796523862AAA6FB100B240B8 /* Tile.swift in Sources */,
				7965238A2AAA703500B240B8 /* SwiftUIColor+GameColor.swift in Sources */,
				7965239A2AAA79A100B240B8 /* GameEngine.swift in Sources */,
				796523A42AAA84BF00B240B8 /* Matrix+CustomDebugStgringConvertible.swift in Sources */,
				796523982AAA792900B240B8 /* Matrix.swift in Sources */,
				796523822AAA6F9900B240B8 /* Board.swift in Sources */,
				79B807762AA88C1100F5B0B8 /* Composable2048App.swift in Sources */,
				796523882AAA6FBE00B240B8 /* TileStyle.swift in Sources */,
				7965239D2AAA7B3900B240B8 /* Matrix+Math.swift in Sources */,
			);
			runOnlyForDeploymentPostprocessing = 0;
		};
		79B8077E2AA88C1400F5B0B8 /* Sources */ = {
			isa = PBXSourcesBuildPhase;
			buildActionMask = 2147483647;
			files = (
				796523A22AAA811500B240B8 /* MatrixExtensionTests.swift in Sources */,
				796523A02AAA7C3100B240B8 /* MatrixTests.swift in Sources */,
				79B807872AA88C1400F5B0B8 /* Composable2048Tests.swift in Sources */,
			);
			runOnlyForDeploymentPostprocessing = 0;
		};
		79B807882AA88C1400F5B0B8 /* Sources */ = {
			isa = PBXSourcesBuildPhase;
			buildActionMask = 2147483647;
			files = (
				79B807912AA88C1400F5B0B8 /* Composable2048UITests.swift in Sources */,
				79B807932AA88C1400F5B0B8 /* Composable2048UITestsLaunchTests.swift in Sources */,
			);
			runOnlyForDeploymentPostprocessing = 0;
		};
/* End PBXSourcesBuildPhase section */

/* Begin PBXTargetDependency section */
		79B807842AA88C1400F5B0B8 /* PBXTargetDependency */ = {
			isa = PBXTargetDependency;
			target = 79B807712AA88C1100F5B0B8 /* Composable2048 */;
			targetProxy = 79B807832AA88C1400F5B0B8 /* PBXContainerItemProxy */;
		};
		79B8078E2AA88C1400F5B0B8 /* PBXTargetDependency */ = {
			isa = PBXTargetDependency;
			target = 79B807712AA88C1100F5B0B8 /* Composable2048 */;
			targetProxy = 79B8078D2AA88C1400F5B0B8 /* PBXContainerItemProxy */;
		};
/* End PBXTargetDependency section */

/* Begin XCBuildConfiguration section */
		79B807942AA88C1400F5B0B8 /* Debug */ = {
			isa = XCBuildConfiguration;
			buildSettings = {
				ALWAYS_SEARCH_USER_PATHS = NO;
				ASSETCATALOG_COMPILER_GENERATE_SWIFT_ASSET_SYMBOL_EXTENSIONS = YES;
				CLANG_ANALYZER_NONNULL = YES;
				CLANG_ANALYZER_NUMBER_OBJECT_CONVERSION = YES_AGGRESSIVE;
				CLANG_CXX_LANGUAGE_STANDARD = "gnu++20";
				CLANG_ENABLE_MODULES = YES;
				CLANG_ENABLE_OBJC_ARC = YES;
				CLANG_ENABLE_OBJC_WEAK = YES;
				CLANG_WARN_BLOCK_CAPTURE_AUTORELEASING = YES;
				CLANG_WARN_BOOL_CONVERSION = YES;
				CLANG_WARN_COMMA = YES;
				CLANG_WARN_CONSTANT_CONVERSION = YES;
				CLANG_WARN_DEPRECATED_OBJC_IMPLEMENTATIONS = YES;
				CLANG_WARN_DIRECT_OBJC_ISA_USAGE = YES_ERROR;
				CLANG_WARN_DOCUMENTATION_COMMENTS = YES;
				CLANG_WARN_EMPTY_BODY = YES;
				CLANG_WARN_ENUM_CONVERSION = YES;
				CLANG_WARN_INFINITE_RECURSION = YES;
				CLANG_WARN_INT_CONVERSION = YES;
				CLANG_WARN_NON_LITERAL_NULL_CONVERSION = YES;
				CLANG_WARN_OBJC_IMPLICIT_RETAIN_SELF = YES;
				CLANG_WARN_OBJC_LITERAL_CONVERSION = YES;
				CLANG_WARN_OBJC_ROOT_CLASS = YES_ERROR;
				CLANG_WARN_QUOTED_INCLUDE_IN_FRAMEWORK_HEADER = YES;
				CLANG_WARN_RANGE_LOOP_ANALYSIS = YES;
				CLANG_WARN_STRICT_PROTOTYPES = YES;
				CLANG_WARN_SUSPICIOUS_MOVE = YES;
				CLANG_WARN_UNGUARDED_AVAILABILITY = YES_AGGRESSIVE;
				CLANG_WARN_UNREACHABLE_CODE = YES;
				CLANG_WARN__DUPLICATE_METHOD_MATCH = YES;
				COPY_PHASE_STRIP = NO;
				DEBUG_INFORMATION_FORMAT = dwarf;
				ENABLE_STRICT_OBJC_MSGSEND = YES;
				ENABLE_TESTABILITY = YES;
				ENABLE_USER_SCRIPT_SANDBOXING = YES;
				GCC_C_LANGUAGE_STANDARD = gnu17;
				GCC_DYNAMIC_NO_PIC = NO;
				GCC_NO_COMMON_BLOCKS = YES;
				GCC_OPTIMIZATION_LEVEL = 0;
				GCC_PREPROCESSOR_DEFINITIONS = (
					"DEBUG=1",
					"$(inherited)",
				);
				GCC_WARN_64_TO_32_BIT_CONVERSION = YES;
				GCC_WARN_ABOUT_RETURN_TYPE = YES_ERROR;
				GCC_WARN_UNDECLARED_SELECTOR = YES;
				GCC_WARN_UNINITIALIZED_AUTOS = YES_AGGRESSIVE;
				GCC_WARN_UNUSED_FUNCTION = YES;
				GCC_WARN_UNUSED_VARIABLE = YES;
				IPHONEOS_DEPLOYMENT_TARGET = 17.0;
				LOCALIZATION_PREFERS_STRING_CATALOGS = YES;
				MTL_ENABLE_DEBUG_INFO = INCLUDE_SOURCE;
				MTL_FAST_MATH = YES;
				ONLY_ACTIVE_ARCH = YES;
				SDKROOT = iphoneos;
				SWIFT_ACTIVE_COMPILATION_CONDITIONS = "DEBUG $(inherited)";
				SWIFT_OPTIMIZATION_LEVEL = "-Onone";
			};
			name = Debug;
		};
		79B807952AA88C1400F5B0B8 /* Release */ = {
			isa = XCBuildConfiguration;
			buildSettings = {
				ALWAYS_SEARCH_USER_PATHS = NO;
				ASSETCATALOG_COMPILER_GENERATE_SWIFT_ASSET_SYMBOL_EXTENSIONS = YES;
				CLANG_ANALYZER_NONNULL = YES;
				CLANG_ANALYZER_NUMBER_OBJECT_CONVERSION = YES_AGGRESSIVE;
				CLANG_CXX_LANGUAGE_STANDARD = "gnu++20";
				CLANG_ENABLE_MODULES = YES;
				CLANG_ENABLE_OBJC_ARC = YES;
				CLANG_ENABLE_OBJC_WEAK = YES;
				CLANG_WARN_BLOCK_CAPTURE_AUTORELEASING = YES;
				CLANG_WARN_BOOL_CONVERSION = YES;
				CLANG_WARN_COMMA = YES;
				CLANG_WARN_CONSTANT_CONVERSION = YES;
				CLANG_WARN_DEPRECATED_OBJC_IMPLEMENTATIONS = YES;
				CLANG_WARN_DIRECT_OBJC_ISA_USAGE = YES_ERROR;
				CLANG_WARN_DOCUMENTATION_COMMENTS = YES;
				CLANG_WARN_EMPTY_BODY = YES;
				CLANG_WARN_ENUM_CONVERSION = YES;
				CLANG_WARN_INFINITE_RECURSION = YES;
				CLANG_WARN_INT_CONVERSION = YES;
				CLANG_WARN_NON_LITERAL_NULL_CONVERSION = YES;
				CLANG_WARN_OBJC_IMPLICIT_RETAIN_SELF = YES;
				CLANG_WARN_OBJC_LITERAL_CONVERSION = YES;
				CLANG_WARN_OBJC_ROOT_CLASS = YES_ERROR;
				CLANG_WARN_QUOTED_INCLUDE_IN_FRAMEWORK_HEADER = YES;
				CLANG_WARN_RANGE_LOOP_ANALYSIS = YES;
				CLANG_WARN_STRICT_PROTOTYPES = YES;
				CLANG_WARN_SUSPICIOUS_MOVE = YES;
				CLANG_WARN_UNGUARDED_AVAILABILITY = YES_AGGRESSIVE;
				CLANG_WARN_UNREACHABLE_CODE = YES;
				CLANG_WARN__DUPLICATE_METHOD_MATCH = YES;
				COPY_PHASE_STRIP = NO;
				DEBUG_INFORMATION_FORMAT = "dwarf-with-dsym";
				ENABLE_NS_ASSERTIONS = NO;
				ENABLE_STRICT_OBJC_MSGSEND = YES;
				ENABLE_USER_SCRIPT_SANDBOXING = YES;
				GCC_C_LANGUAGE_STANDARD = gnu17;
				GCC_NO_COMMON_BLOCKS = YES;
				GCC_WARN_64_TO_32_BIT_CONVERSION = YES;
				GCC_WARN_ABOUT_RETURN_TYPE = YES_ERROR;
				GCC_WARN_UNDECLARED_SELECTOR = YES;
				GCC_WARN_UNINITIALIZED_AUTOS = YES_AGGRESSIVE;
				GCC_WARN_UNUSED_FUNCTION = YES;
				GCC_WARN_UNUSED_VARIABLE = YES;
				IPHONEOS_DEPLOYMENT_TARGET = 17.0;
				LOCALIZATION_PREFERS_STRING_CATALOGS = YES;
				MTL_ENABLE_DEBUG_INFO = NO;
				MTL_FAST_MATH = YES;
				SDKROOT = iphoneos;
				SWIFT_COMPILATION_MODE = wholemodule;
				VALIDATE_PRODUCT = YES;
			};
			name = Release;
		};
		79B807972AA88C1400F5B0B8 /* Debug */ = {
			isa = XCBuildConfiguration;
			buildSettings = {
				ASSETCATALOG_COMPILER_APPICON_NAME = AppIcon;
				ASSETCATALOG_COMPILER_GLOBAL_ACCENT_COLOR_NAME = AccentColor;
				CODE_SIGN_STYLE = Automatic;
				CURRENT_PROJECT_VERSION = 1;
				DEVELOPMENT_ASSET_PATHS = "\"Composable2048/Preview Content\"";
				DEVELOPMENT_TEAM = 6SR4JWJD54;
				ENABLE_PREVIEWS = YES;
				GENERATE_INFOPLIST_FILE = YES;
				INFOPLIST_KEY_UIApplicationSceneManifest_Generation = YES;
				INFOPLIST_KEY_UIApplicationSupportsIndirectInputEvents = YES;
				INFOPLIST_KEY_UILaunchScreen_Generation = YES;
				INFOPLIST_KEY_UISupportedInterfaceOrientations_iPad = "UIInterfaceOrientationPortrait UIInterfaceOrientationPortraitUpsideDown UIInterfaceOrientationLandscapeLeft UIInterfaceOrientationLandscapeRight";
				INFOPLIST_KEY_UISupportedInterfaceOrientations_iPhone = "UIInterfaceOrientationPortrait UIInterfaceOrientationLandscapeLeft UIInterfaceOrientationLandscapeRight";
				LD_RUNPATH_SEARCH_PATHS = (
					"$(inherited)",
					"@executable_path/Frameworks",
				);
				MARKETING_VERSION = 1.0;
				PRODUCT_BUNDLE_IDENTIFIER = com.tornike.Composable2048;
				PRODUCT_NAME = "$(TARGET_NAME)";
				SWIFT_EMIT_LOC_STRINGS = YES;
				SWIFT_VERSION = 5.0;
				TARGETED_DEVICE_FAMILY = "1,2";
			};
			name = Debug;
		};
		79B807982AA88C1400F5B0B8 /* Release */ = {
			isa = XCBuildConfiguration;
			buildSettings = {
				ASSETCATALOG_COMPILER_APPICON_NAME = AppIcon;
				ASSETCATALOG_COMPILER_GLOBAL_ACCENT_COLOR_NAME = AccentColor;
				CODE_SIGN_STYLE = Automatic;
				CURRENT_PROJECT_VERSION = 1;
				DEVELOPMENT_ASSET_PATHS = "\"Composable2048/Preview Content\"";
				DEVELOPMENT_TEAM = 6SR4JWJD54;
				ENABLE_PREVIEWS = YES;
				GENERATE_INFOPLIST_FILE = YES;
				INFOPLIST_KEY_UIApplicationSceneManifest_Generation = YES;
				INFOPLIST_KEY_UIApplicationSupportsIndirectInputEvents = YES;
				INFOPLIST_KEY_UILaunchScreen_Generation = YES;
				INFOPLIST_KEY_UISupportedInterfaceOrientations_iPad = "UIInterfaceOrientationPortrait UIInterfaceOrientationPortraitUpsideDown UIInterfaceOrientationLandscapeLeft UIInterfaceOrientationLandscapeRight";
				INFOPLIST_KEY_UISupportedInterfaceOrientations_iPhone = "UIInterfaceOrientationPortrait UIInterfaceOrientationLandscapeLeft UIInterfaceOrientationLandscapeRight";
				LD_RUNPATH_SEARCH_PATHS = (
					"$(inherited)",
					"@executable_path/Frameworks",
				);
				MARKETING_VERSION = 1.0;
				PRODUCT_BUNDLE_IDENTIFIER = com.tornike.Composable2048;
				PRODUCT_NAME = "$(TARGET_NAME)";
				SWIFT_EMIT_LOC_STRINGS = YES;
				SWIFT_VERSION = 5.0;
				TARGETED_DEVICE_FAMILY = "1,2";
			};
			name = Release;
		};
		79B8079A2AA88C1400F5B0B8 /* Debug */ = {
			isa = XCBuildConfiguration;
			buildSettings = {
				ALWAYS_EMBED_SWIFT_STANDARD_LIBRARIES = YES;
				BUNDLE_LOADER = "$(TEST_HOST)";
				CODE_SIGN_STYLE = Automatic;
				CURRENT_PROJECT_VERSION = 1;
				DEVELOPMENT_TEAM = 6SR4JWJD54;
				GENERATE_INFOPLIST_FILE = YES;
				IPHONEOS_DEPLOYMENT_TARGET = 17.0;
				MARKETING_VERSION = 1.0;
				PRODUCT_BUNDLE_IDENTIFIER = com.tornike.Composable2048Tests;
				PRODUCT_NAME = "$(TARGET_NAME)";
				SWIFT_EMIT_LOC_STRINGS = NO;
				SWIFT_VERSION = 5.0;
				TARGETED_DEVICE_FAMILY = "1,2";
				TEST_HOST = "$(BUILT_PRODUCTS_DIR)/Composable2048.app/$(BUNDLE_EXECUTABLE_FOLDER_PATH)/Composable2048";
			};
			name = Debug;
		};
		79B8079B2AA88C1400F5B0B8 /* Release */ = {
			isa = XCBuildConfiguration;
			buildSettings = {
				ALWAYS_EMBED_SWIFT_STANDARD_LIBRARIES = YES;
				BUNDLE_LOADER = "$(TEST_HOST)";
				CODE_SIGN_STYLE = Automatic;
				CURRENT_PROJECT_VERSION = 1;
				DEVELOPMENT_TEAM = 6SR4JWJD54;
				GENERATE_INFOPLIST_FILE = YES;
				IPHONEOS_DEPLOYMENT_TARGET = 17.0;
				MARKETING_VERSION = 1.0;
				PRODUCT_BUNDLE_IDENTIFIER = com.tornike.Composable2048Tests;
				PRODUCT_NAME = "$(TARGET_NAME)";
				SWIFT_EMIT_LOC_STRINGS = NO;
				SWIFT_VERSION = 5.0;
				TARGETED_DEVICE_FAMILY = "1,2";
				TEST_HOST = "$(BUILT_PRODUCTS_DIR)/Composable2048.app/$(BUNDLE_EXECUTABLE_FOLDER_PATH)/Composable2048";
			};
			name = Release;
		};
		79B8079D2AA88C1400F5B0B8 /* Debug */ = {
			isa = XCBuildConfiguration;
			buildSettings = {
				ALWAYS_EMBED_SWIFT_STANDARD_LIBRARIES = YES;
				CODE_SIGN_STYLE = Automatic;
				CURRENT_PROJECT_VERSION = 1;
				DEVELOPMENT_TEAM = 6SR4JWJD54;
				GENERATE_INFOPLIST_FILE = YES;
				MARKETING_VERSION = 1.0;
				PRODUCT_BUNDLE_IDENTIFIER = com.tornike.Composable2048UITests;
				PRODUCT_NAME = "$(TARGET_NAME)";
				SWIFT_EMIT_LOC_STRINGS = NO;
				SWIFT_VERSION = 5.0;
				TARGETED_DEVICE_FAMILY = "1,2";
				TEST_TARGET_NAME = Composable2048;
			};
			name = Debug;
		};
		79B8079E2AA88C1400F5B0B8 /* Release */ = {
			isa = XCBuildConfiguration;
			buildSettings = {
				ALWAYS_EMBED_SWIFT_STANDARD_LIBRARIES = YES;
				CODE_SIGN_STYLE = Automatic;
				CURRENT_PROJECT_VERSION = 1;
				DEVELOPMENT_TEAM = 6SR4JWJD54;
				GENERATE_INFOPLIST_FILE = YES;
				MARKETING_VERSION = 1.0;
				PRODUCT_BUNDLE_IDENTIFIER = com.tornike.Composable2048UITests;
				PRODUCT_NAME = "$(TARGET_NAME)";
				SWIFT_EMIT_LOC_STRINGS = NO;
				SWIFT_VERSION = 5.0;
				TARGETED_DEVICE_FAMILY = "1,2";
				TEST_TARGET_NAME = Composable2048;
			};
			name = Release;
		};
/* End XCBuildConfiguration section */

/* Begin XCConfigurationList section */
		79B8076D2AA88C1100F5B0B8 /* Build configuration list for PBXProject "Composable2048" */ = {
			isa = XCConfigurationList;
			buildConfigurations = (
				79B807942AA88C1400F5B0B8 /* Debug */,
				79B807952AA88C1400F5B0B8 /* Release */,
			);
			defaultConfigurationIsVisible = 0;
			defaultConfigurationName = Release;
		};
		79B807962AA88C1400F5B0B8 /* Build configuration list for PBXNativeTarget "Composable2048" */ = {
			isa = XCConfigurationList;
			buildConfigurations = (
				79B807972AA88C1400F5B0B8 /* Debug */,
				79B807982AA88C1400F5B0B8 /* Release */,
			);
			defaultConfigurationIsVisible = 0;
			defaultConfigurationName = Release;
		};
		79B807992AA88C1400F5B0B8 /* Build configuration list for PBXNativeTarget "Composable2048Tests" */ = {
			isa = XCConfigurationList;
			buildConfigurations = (
				79B8079A2AA88C1400F5B0B8 /* Debug */,
				79B8079B2AA88C1400F5B0B8 /* Release */,
			);
			defaultConfigurationIsVisible = 0;
			defaultConfigurationName = Release;
		};
		79B8079C2AA88C1400F5B0B8 /* Build configuration list for PBXNativeTarget "Composable2048UITests" */ = {
			isa = XCConfigurationList;
			buildConfigurations = (
				79B8079D2AA88C1400F5B0B8 /* Debug */,
				79B8079E2AA88C1400F5B0B8 /* Release */,
			);
			defaultConfigurationIsVisible = 0;
			defaultConfigurationName = Release;
		};
/* End XCConfigurationList section */

/* Begin XCRemoteSwiftPackageReference section */
		79B8079F2AA8908D00F5B0B8 /* XCRemoteSwiftPackageReference "swift-composable-architecture" */ = {
			isa = XCRemoteSwiftPackageReference;
			repositoryURL = "git@github.com:pointfreeco/swift-composable-architecture.git";
			requirement = {
				kind = upToNextMajorVersion;
				minimumVersion = 1.2.0;
			};
		};
/* End XCRemoteSwiftPackageReference section */

/* Begin XCSwiftPackageProductDependency section */
		79B807A02AA8908D00F5B0B8 /* ComposableArchitecture */ = {
			isa = XCSwiftPackageProductDependency;
			package = 79B8079F2AA8908D00F5B0B8 /* XCRemoteSwiftPackageReference "swift-composable-architecture" */;
			productName = ComposableArchitecture;
		};
/* End XCSwiftPackageProductDependency section */
	};
	rootObject = 79B8076A2AA88C1100F5B0B8 /* Project object */;
}
